
Microsoft Visual Studio Solution File, Format Version 12.00
# Visual Studio Version 17
VisualStudioVersion = 17.1.32228.430
MinimumVisualStudioVersion = 10.0.40219.1
Project("{9A19103F-16F7-4668-BE54-9A1E7A4F7556}") = "Senjyouhara.Main", "Senjyouhara.Main\Senjyouhara.Main.csproj", "{B9ECF318-198D-4FEE-AB5B-270553DBA7E3}"
EndProject
Project("{FAE04EC0-301F-11D3-BF4B-00C04F79EFBC}") = "Senjyouhara.Common", "common\Senjyouhara.Common\Senjyouhara.Common.csproj", "{4C6F9778-4FE5-42C4-AAFD-32A99C2C5E0C}"
EndProject
Project("{FAE04EC0-301F-11D3-BF4B-00C04F79EFBC}") = "Senjyouhara.UI", "common\Senjyouhara.UI\Senjyouhara.UI.csproj", "{B868408E-F9D1-46FB-A9F9-9BCBBD88ACDC}"
EndProject
Project("{FAE04EC0-301F-11D3-BF4B-00C04F79EFBC}") = "updater", "common\updater\updater.csproj", "{197F0E7C-BDFA-4FB8-BD88-19A3B36E65A7}"
EndProject
Global
	GlobalSection(SolutionConfigurationPlatforms) = preSolution
		Debug|Any CPU = Debug|Any CPU
		Release|Any CPU = Release|Any CPU
	EndGlobalSection
	GlobalSection(ProjectConfigurationPlatforms) = postSolution
		{B9ECF318-198D-4FEE-AB5B-270553DBA7E3}.Debug|Any CPU.ActiveCfg = Debug|Any CPU
		{B9ECF318-198D-4FEE-AB5B-270553DBA7E3}.Debug|Any CPU.Build.0 = Debug|Any CPU
		{B9ECF318-198D-4FEE-AB5B-270553DBA7E3}.Release|Any CPU.ActiveCfg = Release|Any CPU
		{B9ECF318-198D-4FEE-AB5B-270553DBA7E3}.Release|Any CPU.Build.0 = Release|Any CPU
		{4C6F9778-4FE5-42C4-AAFD-32A99C2C5E0C}.Debug|Any CPU.ActiveCfg = Debug|Any CPU
		{4C6F9778-4FE5-42C4-AAFD-32A99C2C5E0C}.Debug|Any CPU.Build.0 = Debug|Any CPU
		{4C6F9778-4FE5-42C4-AAFD-32A99C2C5E0C}.Release|Any CPU.ActiveCfg = Release|Any CPU
		{4C6F9778-4FE5-42C4-AAFD-32A99C2C5E0C}.Release|Any CPU.Build.0 = Release|Any CPU
		{B868408E-F9D1-46FB-A9F9-9BCBBD88ACDC}.Debug|Any CPU.ActiveCfg = Debug|Any CPU
		{B868408E-F9D1-46FB-A9F9-9BCBBD88ACDC}.Debug|Any CPU.Build.0 = Debug|Any CPU
		{B868408E-F9D1-46FB-A9F9-9BCBBD88ACDC}.Release|Any CPU.ActiveCfg = Release|Any CPU
		{B868408E-F9D1-46FB-A9F9-9BCBBD88ACDC}.Release|Any CPU.Build.0 = Release|Any CPU
		{197F0E7C-BDFA-4FB8-BD88-19A3B36E65A7}.Debug|Any CPU.ActiveCfg = Debug|Any CPU
		{197F0E7C-BDFA-4FB8-BD88-19A3B36E65A7}.Debug|Any CPU.Build.0 = Debug|Any CPU
		{197F0E7C-BDFA-4FB8-BD88-19A3B36E65A7}.Release|Any CPU.ActiveCfg = Release|Any CPU
		{197F0E7C-BDFA-4FB8-BD88-19A3B36E65A7}.Release|Any CPU.Build.0 = Release|Any CPU
	EndGlobalSection
	GlobalSection(SolutionProperties) = preSolution
		HideSolutionNode = FALSE
	EndGlobalSection
	GlobalSection(ExtensibilityGlobals) = postSolution
		SolutionGuid = {2EF6EDAE-FD91-47A4-8687-6444EE3E479B}
	EndGlobalSection
EndGlobal
